// !$*UTF8*$!
{
	archiveVersion = 1;
	classes = {
	};
	objectVersion = 52;
	objects = {

/* Begin PBXBuildFile section */
		834913CC2635FB0500892487 /* CryptopalsApp.swift in Sources */ = {isa = PBXBuildFile; fileRef = 834913CB2635FB0500892487 /* CryptopalsApp.swift */; };
		834913CE2635FB0500892487 /* ContentView.swift in Sources */ = {isa = PBXBuildFile; fileRef = 834913CD2635FB0500892487 /* ContentView.swift */; };
		834913D02635FB0600892487 /* Assets.xcassets in Resources */ = {isa = PBXBuildFile; fileRef = 834913CF2635FB0600892487 /* Assets.xcassets */; };
		834913D32635FB0600892487 /* Preview Assets.xcassets in Resources */ = {isa = PBXBuildFile; fileRef = 834913D22635FB0600892487 /* Preview Assets.xcassets */; };
		834913DF2635FB0600892487 /* CryptopalsTests.swift in Sources */ = {isa = PBXBuildFile; fileRef = 834913DE2635FB0600892487 /* CryptopalsTests.swift */; };
		834914082635FB7900892487 /* CryptoTools.framework in Frameworks */ = {isa = PBXBuildFile; fileRef = 834913FF2635FB7900892487 /* CryptoTools.framework */; };
		8349140F2635FB7900892487 /* DataDisplayHexStringTests.swift in Sources */ = {isa = PBXBuildFile; fileRef = 8349140E2635FB7900892487 /* DataDisplayHexStringTests.swift */; };
		834914112635FB7900892487 /* CryptoTools.h in Headers */ = {isa = PBXBuildFile; fileRef = 834914012635FB7900892487 /* CryptoTools.h */; settings = {ATTRIBUTES = (Public, ); }; };
		834914142635FB7900892487 /* CryptoTools.framework in Frameworks */ = {isa = PBXBuildFile; fileRef = 834913FF2635FB7900892487 /* CryptoTools.framework */; };
		834914152635FB7900892487 /* CryptoTools.framework in Embed Frameworks */ = {isa = PBXBuildFile; fileRef = 834913FF2635FB7900892487 /* CryptoTools.framework */; settings = {ATTRIBUTES = (CodeSignOnCopy, RemoveHeadersOnCopy, ); }; };
		834914322635FDA400892487 /* DataDisplay.swift in Sources */ = {isa = PBXBuildFile; fileRef = 834914312635FDA400892487 /* DataDisplay.swift */; };
		8349144226360AB400892487 /* DataDisplayBase64Tests.swift in Sources */ = {isa = PBXBuildFile; fileRef = 8349144126360AB400892487 /* DataDisplayBase64Tests.swift */; };
		834914492636628D00892487 /* Challenges.swift in Sources */ = {isa = PBXBuildFile; fileRef = 834914482636628D00892487 /* Challenges.swift */; };
		83491451263662A900892487 /* Challenge01.swift in Sources */ = {isa = PBXBuildFile; fileRef = 83491450263662A900892487 /* Challenge01.swift */; };
		8369406F263A308B000D3599 /* Cipher.swift in Sources */ = {isa = PBXBuildFile; fileRef = 8369406E263A308B000D3599 /* Cipher.swift */; };
		83694072263A30F7000D3599 /* FixedXorCipher.swift in Sources */ = {isa = PBXBuildFile; fileRef = 83694071263A30F7000D3599 /* FixedXorCipher.swift */; };
		83694074263A31E3000D3599 /* FixedXorCipherTests.swift in Sources */ = {isa = PBXBuildFile; fileRef = 83694073263A31E3000D3599 /* FixedXorCipherTests.swift */; };
		83694076263A32CB000D3599 /* Challenge02.swift in Sources */ = {isa = PBXBuildFile; fileRef = 83694075263A32CB000D3599 /* Challenge02.swift */; };
		83694078263AEA31000D3599 /* Analysis.swift in Sources */ = {isa = PBXBuildFile; fileRef = 83694077263AEA31000D3599 /* Analysis.swift */; };
		8369407A263AECC5000D3599 /* AnalysisEnglishScoreTests.swift in Sources */ = {isa = PBXBuildFile; fileRef = 83694079263AECC5000D3599 /* AnalysisEnglishScoreTests.swift */; };
		8369407C263AEE12000D3599 /* Challenge03.swift in Sources */ = {isa = PBXBuildFile; fileRef = 8369407B263AEE12000D3599 /* Challenge03.swift */; };
		8369407F263BAF09000D3599 /* 4.txt in Resources */ = {isa = PBXBuildFile; fileRef = 8369407E263BAF09000D3599 /* 4.txt */; };
		83694081263BAF19000D3599 /* Challenge04.swift in Sources */ = {isa = PBXBuildFile; fileRef = 83694080263BAF19000D3599 /* Challenge04.swift */; };
		83694084263C2E16000D3599 /* ChallengeRunner.swift in Sources */ = {isa = PBXBuildFile; fileRef = 83694083263C2E16000D3599 /* ChallengeRunner.swift */; };
		8369408A263C91C9000D3599 /* RepeatingXorCipher.swift in Sources */ = {isa = PBXBuildFile; fileRef = 83694089263C91C9000D3599 /* RepeatingXorCipher.swift */; };
		8369408C263C91D7000D3599 /* RepeatingXorCipherTests.swift in Sources */ = {isa = PBXBuildFile; fileRef = 8369408B263C91D7000D3599 /* RepeatingXorCipherTests.swift */; };
		8369408E263C9394000D3599 /* Challenge05.swift in Sources */ = {isa = PBXBuildFile; fileRef = 8369408D263C9394000D3599 /* Challenge05.swift */; };
		83694090263C95D1000D3599 /* 6.txt in Resources */ = {isa = PBXBuildFile; fileRef = 8369408F263C95D1000D3599 /* 6.txt */; };
		83694092263C95EC000D3599 /* Challenge06.swift in Sources */ = {isa = PBXBuildFile; fileRef = 83694091263C95EC000D3599 /* Challenge06.swift */; };
		83694094263C979F000D3599 /* AnalysisHammingDistanceTests.swift in Sources */ = {isa = PBXBuildFile; fileRef = 83694093263C979F000D3599 /* AnalysisHammingDistanceTests.swift */; };
		83694096263CA71C000D3599 /* AnalysisBlockSizeTests.swift in Sources */ = {isa = PBXBuildFile; fileRef = 83694095263CA71C000D3599 /* AnalysisBlockSizeTests.swift */; };
		83694098263CC3AE000D3599 /* 7.txt in Resources */ = {isa = PBXBuildFile; fileRef = 83694097263CC3AE000D3599 /* 7.txt */; };
		8369409A263CC3BC000D3599 /* Challenge07.swift in Sources */ = {isa = PBXBuildFile; fileRef = 83694099263CC3BC000D3599 /* Challenge07.swift */; };
		8369409D263CC6A2000D3599 /* CryptoSwift in Frameworks */ = {isa = PBXBuildFile; productRef = 8369409C263CC6A2000D3599 /* CryptoSwift */; };
		8369409F263CC6DF000D3599 /* AES128+ECBCipher.swift in Sources */ = {isa = PBXBuildFile; fileRef = 8369409E263CC6DF000D3599 /* AES128+ECBCipher.swift */; };
		836940A1263EE487000D3599 /* 8.txt in Resources */ = {isa = PBXBuildFile; fileRef = 836940A0263EE487000D3599 /* 8.txt */; };
		836940A3263EE495000D3599 /* Challenge08.swift in Sources */ = {isa = PBXBuildFile; fileRef = 836940A2263EE495000D3599 /* Challenge08.swift */; };
		836940A6263F293F000D3599 /* Challenge09.swift in Sources */ = {isa = PBXBuildFile; fileRef = 836940A5263F293F000D3599 /* Challenge09.swift */; };
		836940A8263F2AFB000D3599 /* Padding.swift in Sources */ = {isa = PBXBuildFile; fileRef = 836940A7263F2AFB000D3599 /* Padding.swift */; };
		836940AA263F2B2D000D3599 /* PaddingPKCS7Tests.swift in Sources */ = {isa = PBXBuildFile; fileRef = 836940A9263F2B2D000D3599 /* PaddingPKCS7Tests.swift */; };
		83D314BC2641AC370004FCBC /* 10.txt in Resources */ = {isa = PBXBuildFile; fileRef = 83D314BB2641AC370004FCBC /* 10.txt */; };
		83D314BE2641AC500004FCBC /* Challenge10.swift in Sources */ = {isa = PBXBuildFile; fileRef = 83D314BD2641AC500004FCBC /* Challenge10.swift */; };
		83D314C02641AD4C0004FCBC /* AES128+CBCCipher.swift in Sources */ = {isa = PBXBuildFile; fileRef = 83D314BF2641AD4C0004FCBC /* AES128+CBCCipher.swift */; };
		83D314C22641B3F00004FCBC /* Challenge15.swift in Sources */ = {isa = PBXBuildFile; fileRef = 83D314C12641B3F00004FCBC /* Challenge15.swift */; };
		83D314C42641C3A00004FCBC /* Challenge11.swift in Sources */ = {isa = PBXBuildFile; fileRef = 83D314C32641C3A00004FCBC /* Challenge11.swift */; };
		83D314C62641C8CD0004FCBC /* AES128.swift in Sources */ = {isa = PBXBuildFile; fileRef = 83D314C52641C8CD0004FCBC /* AES128.swift */; };
		83D314C82641D41B0004FCBC /* Challenge12.swift in Sources */ = {isa = PBXBuildFile; fileRef = 83D314C72641D41B0004FCBC /* Challenge12.swift */; };
/* End PBXBuildFile section */

/* Begin PBXContainerItemProxy section */
		834913DB2635FB0600892487 /* PBXContainerItemProxy */ = {
			isa = PBXContainerItemProxy;
			containerPortal = 834913C02635FB0500892487 /* Project object */;
			proxyType = 1;
			remoteGlobalIDString = 834913C72635FB0500892487;
			remoteInfo = Cryptopals;
		};
		834914092635FB7900892487 /* PBXContainerItemProxy */ = {
			isa = PBXContainerItemProxy;
			containerPortal = 834913C02635FB0500892487 /* Project object */;
			proxyType = 1;
			remoteGlobalIDString = 834913FE2635FB7900892487;
			remoteInfo = CryptoTools;
		};
		8349140B2635FB7900892487 /* PBXContainerItemProxy */ = {
			isa = PBXContainerItemProxy;
			containerPortal = 834913C02635FB0500892487 /* Project object */;
			proxyType = 1;
			remoteGlobalIDString = 834913C72635FB0500892487;
			remoteInfo = Cryptopals;
		};
		834914122635FB7900892487 /* PBXContainerItemProxy */ = {
			isa = PBXContainerItemProxy;
			containerPortal = 834913C02635FB0500892487 /* Project object */;
			proxyType = 1;
			remoteGlobalIDString = 834913FE2635FB7900892487;
			remoteInfo = CryptoTools;
		};
/* End PBXContainerItemProxy section */

/* Begin PBXCopyFilesBuildPhase section */
		834914192635FB7900892487 /* Embed Frameworks */ = {
			isa = PBXCopyFilesBuildPhase;
			buildActionMask = 2147483647;
			dstPath = "";
			dstSubfolderSpec = 10;
			files = (
				834914152635FB7900892487 /* CryptoTools.framework in Embed Frameworks */,
			);
			name = "Embed Frameworks";
			runOnlyForDeploymentPostprocessing = 0;
		};
/* End PBXCopyFilesBuildPhase section */

/* Begin PBXFileReference section */
		834913C82635FB0500892487 /* Cryptopals.app */ = {isa = PBXFileReference; explicitFileType = wrapper.application; includeInIndex = 0; path = Cryptopals.app; sourceTree = BUILT_PRODUCTS_DIR; };
		834913CB2635FB0500892487 /* CryptopalsApp.swift */ = {isa = PBXFileReference; lastKnownFileType = sourcecode.swift; path = CryptopalsApp.swift; sourceTree = "<group>"; };
		834913CD2635FB0500892487 /* ContentView.swift */ = {isa = PBXFileReference; lastKnownFileType = sourcecode.swift; path = ContentView.swift; sourceTree = "<group>"; };
		834913CF2635FB0600892487 /* Assets.xcassets */ = {isa = PBXFileReference; lastKnownFileType = folder.assetcatalog; path = Assets.xcassets; sourceTree = "<group>"; };
		834913D22635FB0600892487 /* Preview Assets.xcassets */ = {isa = PBXFileReference; lastKnownFileType = folder.assetcatalog; path = "Preview Assets.xcassets"; sourceTree = "<group>"; };
		834913D42635FB0600892487 /* Info.plist */ = {isa = PBXFileReference; lastKnownFileType = text.plist.xml; path = Info.plist; sourceTree = "<group>"; };
		834913D52635FB0600892487 /* Cryptopals.entitlements */ = {isa = PBXFileReference; lastKnownFileType = text.plist.entitlements; path = Cryptopals.entitlements; sourceTree = "<group>"; };
		834913DA2635FB0600892487 /* CryptopalsTests.xctest */ = {isa = PBXFileReference; explicitFileType = wrapper.cfbundle; includeInIndex = 0; path = CryptopalsTests.xctest; sourceTree = BUILT_PRODUCTS_DIR; };
		834913DE2635FB0600892487 /* CryptopalsTests.swift */ = {isa = PBXFileReference; lastKnownFileType = sourcecode.swift; path = CryptopalsTests.swift; sourceTree = "<group>"; };
		834913E02635FB0600892487 /* Info.plist */ = {isa = PBXFileReference; lastKnownFileType = text.plist.xml; path = Info.plist; sourceTree = "<group>"; };
		834913FF2635FB7900892487 /* CryptoTools.framework */ = {isa = PBXFileReference; explicitFileType = wrapper.framework; includeInIndex = 0; path = CryptoTools.framework; sourceTree = BUILT_PRODUCTS_DIR; };
		834914012635FB7900892487 /* CryptoTools.h */ = {isa = PBXFileReference; lastKnownFileType = sourcecode.c.h; path = CryptoTools.h; sourceTree = "<group>"; };
		834914022635FB7900892487 /* Info.plist */ = {isa = PBXFileReference; lastKnownFileType = text.plist.xml; path = Info.plist; sourceTree = "<group>"; };
		834914072635FB7900892487 /* CryptoToolsTests.xctest */ = {isa = PBXFileReference; explicitFileType = wrapper.cfbundle; includeInIndex = 0; path = CryptoToolsTests.xctest; sourceTree = BUILT_PRODUCTS_DIR; };
		8349140E2635FB7900892487 /* DataDisplayHexStringTests.swift */ = {isa = PBXFileReference; lastKnownFileType = sourcecode.swift; path = DataDisplayHexStringTests.swift; sourceTree = "<group>"; };
		834914102635FB7900892487 /* Info.plist */ = {isa = PBXFileReference; lastKnownFileType = text.plist.xml; path = Info.plist; sourceTree = "<group>"; };
		834914312635FDA400892487 /* DataDisplay.swift */ = {isa = PBXFileReference; lastKnownFileType = sourcecode.swift; path = DataDisplay.swift; sourceTree = "<group>"; };
		8349144126360AB400892487 /* DataDisplayBase64Tests.swift */ = {isa = PBXFileReference; lastKnownFileType = sourcecode.swift; path = DataDisplayBase64Tests.swift; sourceTree = "<group>"; };
		834914482636628D00892487 /* Challenges.swift */ = {isa = PBXFileReference; lastKnownFileType = sourcecode.swift; path = Challenges.swift; sourceTree = "<group>"; };
		83491450263662A900892487 /* Challenge01.swift */ = {isa = PBXFileReference; lastKnownFileType = sourcecode.swift; path = Challenge01.swift; sourceTree = "<group>"; };
		8369406E263A308B000D3599 /* Cipher.swift */ = {isa = PBXFileReference; lastKnownFileType = sourcecode.swift; path = Cipher.swift; sourceTree = "<group>"; };
		83694071263A30F7000D3599 /* FixedXorCipher.swift */ = {isa = PBXFileReference; lastKnownFileType = sourcecode.swift; path = FixedXorCipher.swift; sourceTree = "<group>"; };
		83694073263A31E3000D3599 /* FixedXorCipherTests.swift */ = {isa = PBXFileReference; lastKnownFileType = sourcecode.swift; path = FixedXorCipherTests.swift; sourceTree = "<group>"; };
		83694075263A32CB000D3599 /* Challenge02.swift */ = {isa = PBXFileReference; lastKnownFileType = sourcecode.swift; path = Challenge02.swift; sourceTree = "<group>"; };
		83694077263AEA31000D3599 /* Analysis.swift */ = {isa = PBXFileReference; lastKnownFileType = sourcecode.swift; path = Analysis.swift; sourceTree = "<group>"; };
		83694079263AECC5000D3599 /* AnalysisEnglishScoreTests.swift */ = {isa = PBXFileReference; lastKnownFileType = sourcecode.swift; path = AnalysisEnglishScoreTests.swift; sourceTree = "<group>"; };
		8369407B263AEE12000D3599 /* Challenge03.swift */ = {isa = PBXFileReference; lastKnownFileType = sourcecode.swift; path = Challenge03.swift; sourceTree = "<group>"; };
		8369407E263BAF09000D3599 /* 4.txt */ = {isa = PBXFileReference; fileEncoding = 4; lastKnownFileType = text; path = 4.txt; sourceTree = "<group>"; };
		83694080263BAF19000D3599 /* Challenge04.swift */ = {isa = PBXFileReference; lastKnownFileType = sourcecode.swift; path = Challenge04.swift; sourceTree = "<group>"; };
		83694083263C2E16000D3599 /* ChallengeRunner.swift */ = {isa = PBXFileReference; lastKnownFileType = sourcecode.swift; path = ChallengeRunner.swift; sourceTree = "<group>"; };
		83694089263C91C9000D3599 /* RepeatingXorCipher.swift */ = {isa = PBXFileReference; lastKnownFileType = sourcecode.swift; path = RepeatingXorCipher.swift; sourceTree = "<group>"; };
		8369408B263C91D7000D3599 /* RepeatingXorCipherTests.swift */ = {isa = PBXFileReference; lastKnownFileType = sourcecode.swift; path = RepeatingXorCipherTests.swift; sourceTree = "<group>"; };
		8369408D263C9394000D3599 /* Challenge05.swift */ = {isa = PBXFileReference; lastKnownFileType = sourcecode.swift; path = Challenge05.swift; sourceTree = "<group>"; };
		8369408F263C95D1000D3599 /* 6.txt */ = {isa = PBXFileReference; fileEncoding = 4; lastKnownFileType = text; path = 6.txt; sourceTree = "<group>"; };
		83694091263C95EC000D3599 /* Challenge06.swift */ = {isa = PBXFileReference; lastKnownFileType = sourcecode.swift; path = Challenge06.swift; sourceTree = "<group>"; };
		83694093263C979F000D3599 /* AnalysisHammingDistanceTests.swift */ = {isa = PBXFileReference; lastKnownFileType = sourcecode.swift; path = AnalysisHammingDistanceTests.swift; sourceTree = "<group>"; };
		83694095263CA71C000D3599 /* AnalysisBlockSizeTests.swift */ = {isa = PBXFileReference; lastKnownFileType = sourcecode.swift; path = AnalysisBlockSizeTests.swift; sourceTree = "<group>"; };
		83694097263CC3AE000D3599 /* 7.txt */ = {isa = PBXFileReference; fileEncoding = 4; lastKnownFileType = text; path = 7.txt; sourceTree = "<group>"; };
		83694099263CC3BC000D3599 /* Challenge07.swift */ = {isa = PBXFileReference; lastKnownFileType = sourcecode.swift; path = Challenge07.swift; sourceTree = "<group>"; };
		8369409E263CC6DF000D3599 /* AES128+ECBCipher.swift */ = {isa = PBXFileReference; lastKnownFileType = sourcecode.swift; path = "AES128+ECBCipher.swift"; sourceTree = "<group>"; };
		836940A0263EE487000D3599 /* 8.txt */ = {isa = PBXFileReference; fileEncoding = 4; lastKnownFileType = text; path = 8.txt; sourceTree = "<group>"; };
		836940A2263EE495000D3599 /* Challenge08.swift */ = {isa = PBXFileReference; lastKnownFileType = sourcecode.swift; path = Challenge08.swift; sourceTree = "<group>"; };
		836940A5263F293F000D3599 /* Challenge09.swift */ = {isa = PBXFileReference; lastKnownFileType = sourcecode.swift; path = Challenge09.swift; sourceTree = "<group>"; };
		836940A7263F2AFB000D3599 /* Padding.swift */ = {isa = PBXFileReference; lastKnownFileType = sourcecode.swift; path = Padding.swift; sourceTree = "<group>"; };
		836940A9263F2B2D000D3599 /* PaddingPKCS7Tests.swift */ = {isa = PBXFileReference; lastKnownFileType = sourcecode.swift; path = PaddingPKCS7Tests.swift; sourceTree = "<group>"; };
		83D314BB2641AC370004FCBC /* 10.txt */ = {isa = PBXFileReference; fileEncoding = 4; lastKnownFileType = text; path = 10.txt; sourceTree = "<group>"; };
		83D314BD2641AC500004FCBC /* Challenge10.swift */ = {isa = PBXFileReference; lastKnownFileType = sourcecode.swift; path = Challenge10.swift; sourceTree = "<group>"; };
		83D314BF2641AD4C0004FCBC /* AES128+CBCCipher.swift */ = {isa = PBXFileReference; lastKnownFileType = sourcecode.swift; path = "AES128+CBCCipher.swift"; sourceTree = "<group>"; };
		83D314C12641B3F00004FCBC /* Challenge15.swift */ = {isa = PBXFileReference; lastKnownFileType = sourcecode.swift; path = Challenge15.swift; sourceTree = "<group>"; };
		83D314C32641C3A00004FCBC /* Challenge11.swift */ = {isa = PBXFileReference; lastKnownFileType = sourcecode.swift; path = Challenge11.swift; sourceTree = "<group>"; };
		83D314C52641C8CD0004FCBC /* AES128.swift */ = {isa = PBXFileReference; lastKnownFileType = sourcecode.swift; path = AES128.swift; sourceTree = "<group>"; };
		83D314C72641D41B0004FCBC /* Challenge12.swift */ = {isa = PBXFileReference; lastKnownFileType = sourcecode.swift; path = Challenge12.swift; sourceTree = "<group>"; };
/* End PBXFileReference section */

/* Begin PBXFrameworksBuildPhase section */
		834913C52635FB0500892487 /* Frameworks */ = {
			isa = PBXFrameworksBuildPhase;
			buildActionMask = 2147483647;
			files = (
				834914142635FB7900892487 /* CryptoTools.framework in Frameworks */,
			);
			runOnlyForDeploymentPostprocessing = 0;
		};
		834913D72635FB0600892487 /* Frameworks */ = {
			isa = PBXFrameworksBuildPhase;
			buildActionMask = 2147483647;
			files = (
			);
			runOnlyForDeploymentPostprocessing = 0;
		};
		834913FC2635FB7900892487 /* Frameworks */ = {
			isa = PBXFrameworksBuildPhase;
			buildActionMask = 2147483647;
			files = (
				8369409D263CC6A2000D3599 /* CryptoSwift in Frameworks */,
			);
			runOnlyForDeploymentPostprocessing = 0;
		};
		834914042635FB7900892487 /* Frameworks */ = {
			isa = PBXFrameworksBuildPhase;
			buildActionMask = 2147483647;
			files = (
				834914082635FB7900892487 /* CryptoTools.framework in Frameworks */,
			);
			runOnlyForDeploymentPostprocessing = 0;
		};
/* End PBXFrameworksBuildPhase section */

/* Begin PBXGroup section */
		834913BF2635FB0500892487 = {
			isa = PBXGroup;
			children = (
				834913CA2635FB0500892487 /* Cryptopals */,
				834913DD2635FB0600892487 /* CryptopalsTests */,
				834914002635FB7900892487 /* CryptoTools */,
				8349140D2635FB7900892487 /* CryptoToolsTests */,
				834913C92635FB0500892487 /* Products */,
			);
			sourceTree = "<group>";
		};
		834913C92635FB0500892487 /* Products */ = {
			isa = PBXGroup;
			children = (
				834913C82635FB0500892487 /* Cryptopals.app */,
				834913DA2635FB0600892487 /* CryptopalsTests.xctest */,
				834913FF2635FB7900892487 /* CryptoTools.framework */,
				834914072635FB7900892487 /* CryptoToolsTests.xctest */,
			);
			name = Products;
			sourceTree = "<group>";
		};
		834913CA2635FB0500892487 /* Cryptopals */ = {
			isa = PBXGroup;
			children = (
				834913CB2635FB0500892487 /* CryptopalsApp.swift */,
				834913CD2635FB0500892487 /* ContentView.swift */,
				834913CF2635FB0600892487 /* Assets.xcassets */,
				834913D42635FB0600892487 /* Info.plist */,
				834913D52635FB0600892487 /* Cryptopals.entitlements */,
				83694083263C2E16000D3599 /* ChallengeRunner.swift */,
				834914462636625B00892487 /* Challenges */,
				8369407D263BAEE3000D3599 /* Inputs */,
				834913D12635FB0600892487 /* Preview Content */,
			);
			path = Cryptopals;
			sourceTree = "<group>";
		};
		834913D12635FB0600892487 /* Preview Content */ = {
			isa = PBXGroup;
			children = (
				834913D22635FB0600892487 /* Preview Assets.xcassets */,
			);
			path = "Preview Content";
			sourceTree = "<group>";
		};
		834913DD2635FB0600892487 /* CryptopalsTests */ = {
			isa = PBXGroup;
			children = (
				834913DE2635FB0600892487 /* CryptopalsTests.swift */,
				834913E02635FB0600892487 /* Info.plist */,
			);
			path = CryptopalsTests;
			sourceTree = "<group>";
		};
		834914002635FB7900892487 /* CryptoTools */ = {
			isa = PBXGroup;
			children = (
				83694077263AEA31000D3599 /* Analysis.swift */,
				83694070263A30E4000D3599 /* Ciphers */,
				834914012635FB7900892487 /* CryptoTools.h */,
				834914312635FDA400892487 /* DataDisplay.swift */,
				836940A7263F2AFB000D3599 /* Padding.swift */,
				834914022635FB7900892487 /* Info.plist */,
			);
			path = CryptoTools;
			sourceTree = "<group>";
		};
		8349140D2635FB7900892487 /* CryptoToolsTests */ = {
			isa = PBXGroup;
			children = (
				83694079263AECC5000D3599 /* AnalysisEnglishScoreTests.swift */,
				83694095263CA71C000D3599 /* AnalysisBlockSizeTests.swift */,
				83694093263C979F000D3599 /* AnalysisHammingDistanceTests.swift */,
				8349140E2635FB7900892487 /* DataDisplayHexStringTests.swift */,
				8349144126360AB400892487 /* DataDisplayBase64Tests.swift */,
				83694073263A31E3000D3599 /* FixedXorCipherTests.swift */,
				8369408B263C91D7000D3599 /* RepeatingXorCipherTests.swift */,
				836940A9263F2B2D000D3599 /* PaddingPKCS7Tests.swift */,
				834914102635FB7900892487 /* Info.plist */,
			);
			path = CryptoToolsTests;
			sourceTree = "<group>";
		};
		834914462636625B00892487 /* Challenges */ = {
			isa = PBXGroup;
			children = (
				834914482636628D00892487 /* Challenges.swift */,
				834914472636627D00892487 /* Set1 */,
				836940A4263F290B000D3599 /* Set2 */,
			);
			path = Challenges;
			sourceTree = "<group>";
		};
		834914472636627D00892487 /* Set1 */ = {
			isa = PBXGroup;
			children = (
				83491450263662A900892487 /* Challenge01.swift */,
				83694075263A32CB000D3599 /* Challenge02.swift */,
				8369407B263AEE12000D3599 /* Challenge03.swift */,
				83694080263BAF19000D3599 /* Challenge04.swift */,
				8369408D263C9394000D3599 /* Challenge05.swift */,
				83694091263C95EC000D3599 /* Challenge06.swift */,
				83694099263CC3BC000D3599 /* Challenge07.swift */,
				836940A2263EE495000D3599 /* Challenge08.swift */,
			);
			path = Set1;
			sourceTree = "<group>";
		};
		83694070263A30E4000D3599 /* Ciphers */ = {
			isa = PBXGroup;
			children = (
				8369406E263A308B000D3599 /* Cipher.swift */,
				83D314C52641C8CD0004FCBC /* AES128.swift */,
				8369409E263CC6DF000D3599 /* AES128+ECBCipher.swift */,
				83D314BF2641AD4C0004FCBC /* AES128+CBCCipher.swift */,
				83694071263A30F7000D3599 /* FixedXorCipher.swift */,
				83694089263C91C9000D3599 /* RepeatingXorCipher.swift */,
			);
			path = Ciphers;
			sourceTree = "<group>";
		};
		8369407D263BAEE3000D3599 /* Inputs */ = {
			isa = PBXGroup;
			children = (
				8369407E263BAF09000D3599 /* 4.txt */,
				8369408F263C95D1000D3599 /* 6.txt */,
				83694097263CC3AE000D3599 /* 7.txt */,
				836940A0263EE487000D3599 /* 8.txt */,
				83D314BB2641AC370004FCBC /* 10.txt */,
			);
			path = Inputs;
			sourceTree = "<group>";
		};
		836940A4263F290B000D3599 /* Set2 */ = {
			isa = PBXGroup;
			children = (
				836940A5263F293F000D3599 /* Challenge09.swift */,
				83D314BD2641AC500004FCBC /* Challenge10.swift */,
				83D314C32641C3A00004FCBC /* Challenge11.swift */,
				83D314C72641D41B0004FCBC /* Challenge12.swift */,
				83D314C12641B3F00004FCBC /* Challenge15.swift */,
			);
			path = Set2;
			sourceTree = "<group>";
		};
/* End PBXGroup section */

/* Begin PBXHeadersBuildPhase section */
		834913FA2635FB7900892487 /* Headers */ = {
			isa = PBXHeadersBuildPhase;
			buildActionMask = 2147483647;
			files = (
				834914112635FB7900892487 /* CryptoTools.h in Headers */,
			);
			runOnlyForDeploymentPostprocessing = 0;
		};
/* End PBXHeadersBuildPhase section */

/* Begin PBXNativeTarget section */
		834913C72635FB0500892487 /* Cryptopals */ = {
			isa = PBXNativeTarget;
			buildConfigurationList = 834913EE2635FB0600892487 /* Build configuration list for PBXNativeTarget "Cryptopals" */;
			buildPhases = (
				834913C42635FB0500892487 /* Sources */,
				834913C52635FB0500892487 /* Frameworks */,
				834913C62635FB0500892487 /* Resources */,
				834914192635FB7900892487 /* Embed Frameworks */,
			);
			buildRules = (
			);
			dependencies = (
				834914132635FB7900892487 /* PBXTargetDependency */,
			);
			name = Cryptopals;
			productName = Cryptopals;
			productReference = 834913C82635FB0500892487 /* Cryptopals.app */;
			productType = "com.apple.product-type.application";
		};
		834913D92635FB0600892487 /* CryptopalsTests */ = {
			isa = PBXNativeTarget;
			buildConfigurationList = 834913F12635FB0600892487 /* Build configuration list for PBXNativeTarget "CryptopalsTests" */;
			buildPhases = (
				834913D62635FB0600892487 /* Sources */,
				834913D72635FB0600892487 /* Frameworks */,
				834913D82635FB0600892487 /* Resources */,
			);
			buildRules = (
			);
			dependencies = (
				834913DC2635FB0600892487 /* PBXTargetDependency */,
			);
			name = CryptopalsTests;
			productName = CryptopalsTests;
			productReference = 834913DA2635FB0600892487 /* CryptopalsTests.xctest */;
			productType = "com.apple.product-type.bundle.unit-test";
		};
		834913FE2635FB7900892487 /* CryptoTools */ = {
			isa = PBXNativeTarget;
			buildConfigurationList = 834914162635FB7900892487 /* Build configuration list for PBXNativeTarget "CryptoTools" */;
			buildPhases = (
				834913FA2635FB7900892487 /* Headers */,
				834913FB2635FB7900892487 /* Sources */,
				834913FC2635FB7900892487 /* Frameworks */,
				834913FD2635FB7900892487 /* Resources */,
			);
			buildRules = (
			);
			dependencies = (
			);
			name = CryptoTools;
			packageProductDependencies = (
				8369409C263CC6A2000D3599 /* CryptoSwift */,
			);
			productName = CryptoTools;
			productReference = 834913FF2635FB7900892487 /* CryptoTools.framework */;
			productType = "com.apple.product-type.framework";
		};
		834914062635FB7900892487 /* CryptoToolsTests */ = {
			isa = PBXNativeTarget;
			buildConfigurationList = 8349141A2635FB7900892487 /* Build configuration list for PBXNativeTarget "CryptoToolsTests" */;
			buildPhases = (
				834914032635FB7900892487 /* Sources */,
				834914042635FB7900892487 /* Frameworks */,
				834914052635FB7900892487 /* Resources */,
			);
			buildRules = (
			);
			dependencies = (
				8349140A2635FB7900892487 /* PBXTargetDependency */,
				8349140C2635FB7900892487 /* PBXTargetDependency */,
			);
			name = CryptoToolsTests;
			productName = CryptoToolsTests;
			productReference = 834914072635FB7900892487 /* CryptoToolsTests.xctest */;
			productType = "com.apple.product-type.bundle.unit-test";
		};
/* End PBXNativeTarget section */

/* Begin PBXProject section */
		834913C02635FB0500892487 /* Project object */ = {
			isa = PBXProject;
			attributes = {
				LastSwiftUpdateCheck = 1240;
				LastUpgradeCheck = 1250;
				TargetAttributes = {
					834913C72635FB0500892487 = {
						CreatedOnToolsVersion = 12.4;
					};
					834913D92635FB0600892487 = {
						CreatedOnToolsVersion = 12.4;
						TestTargetID = 834913C72635FB0500892487;
					};
					834913FE2635FB7900892487 = {
						CreatedOnToolsVersion = 12.4;
						LastSwiftMigration = 1240;
					};
					834914062635FB7900892487 = {
						CreatedOnToolsVersion = 12.4;
						TestTargetID = 834913C72635FB0500892487;
					};
				};
			};
			buildConfigurationList = 834913C32635FB0500892487 /* Build configuration list for PBXProject "Cryptopals" */;
			compatibilityVersion = "Xcode 9.3";
			developmentRegion = en;
			hasScannedForEncodings = 0;
			knownRegions = (
				en,
				Base,
			);
			mainGroup = 834913BF2635FB0500892487;
			packageReferences = (
				8369409B263CC6A2000D3599 /* XCRemoteSwiftPackageReference "CryptoSwift" */,
			);
			productRefGroup = 834913C92635FB0500892487 /* Products */;
			projectDirPath = "";
			projectRoot = "";
			targets = (
				834913C72635FB0500892487 /* Cryptopals */,
				834913D92635FB0600892487 /* CryptopalsTests */,
				834913FE2635FB7900892487 /* CryptoTools */,
				834914062635FB7900892487 /* CryptoToolsTests */,
			);
		};
/* End PBXProject section */

/* Begin PBXResourcesBuildPhase section */
		834913C62635FB0500892487 /* Resources */ = {
			isa = PBXResourcesBuildPhase;
			buildActionMask = 2147483647;
			files = (
				8369407F263BAF09000D3599 /* 4.txt in Resources */,
				83694090263C95D1000D3599 /* 6.txt in Resources */,
				834913D32635FB0600892487 /* Preview Assets.xcassets in Resources */,
				836940A1263EE487000D3599 /* 8.txt in Resources */,
				834913D02635FB0600892487 /* Assets.xcassets in Resources */,
				83D314BC2641AC370004FCBC /* 10.txt in Resources */,
				83694098263CC3AE000D3599 /* 7.txt in Resources */,
			);
			runOnlyForDeploymentPostprocessing = 0;
		};
		834913D82635FB0600892487 /* Resources */ = {
			isa = PBXResourcesBuildPhase;
			buildActionMask = 2147483647;
			files = (
			);
			runOnlyForDeploymentPostprocessing = 0;
		};
		834913FD2635FB7900892487 /* Resources */ = {
			isa = PBXResourcesBuildPhase;
			buildActionMask = 2147483647;
			files = (
			);
			runOnlyForDeploymentPostprocessing = 0;
		};
		834914052635FB7900892487 /* Resources */ = {
			isa = PBXResourcesBuildPhase;
			buildActionMask = 2147483647;
			files = (
			);
			runOnlyForDeploymentPostprocessing = 0;
		};
/* End PBXResourcesBuildPhase section */

/* Begin PBXSourcesBuildPhase section */
		834913C42635FB0500892487 /* Sources */ = {
			isa = PBXSourcesBuildPhase;
			buildActionMask = 2147483647;
			files = (
				83D314BE2641AC500004FCBC /* Challenge10.swift in Sources */,
				83D314C42641C3A00004FCBC /* Challenge11.swift in Sources */,
				83694081263BAF19000D3599 /* Challenge04.swift in Sources */,
				83D314C22641B3F00004FCBC /* Challenge15.swift in Sources */,
				83694092263C95EC000D3599 /* Challenge06.swift in Sources */,
				834913CE2635FB0500892487 /* ContentView.swift in Sources */,
				834913CC2635FB0500892487 /* CryptopalsApp.swift in Sources */,
				834914492636628D00892487 /* Challenges.swift in Sources */,
				8369408E263C9394000D3599 /* Challenge05.swift in Sources */,
				83694076263A32CB000D3599 /* Challenge02.swift in Sources */,
				83D314C82641D41B0004FCBC /* Challenge12.swift in Sources */,
				836940A6263F293F000D3599 /* Challenge09.swift in Sources */,
				836940A3263EE495000D3599 /* Challenge08.swift in Sources */,
				8369409A263CC3BC000D3599 /* Challenge07.swift in Sources */,
				83694084263C2E16000D3599 /* ChallengeRunner.swift in Sources */,
				8369407C263AEE12000D3599 /* Challenge03.swift in Sources */,
				83491451263662A900892487 /* Challenge01.swift in Sources */,
			);
			runOnlyForDeploymentPostprocessing = 0;
		};
		834913D62635FB0600892487 /* Sources */ = {
			isa = PBXSourcesBuildPhase;
			buildActionMask = 2147483647;
			files = (
				834913DF2635FB0600892487 /* CryptopalsTests.swift in Sources */,
			);
			runOnlyForDeploymentPostprocessing = 0;
		};
		834913FB2635FB7900892487 /* Sources */ = {
			isa = PBXSourcesBuildPhase;
			buildActionMask = 2147483647;
			files = (
				8369406F263A308B000D3599 /* Cipher.swift in Sources */,
				8369409F263CC6DF000D3599 /* AES128+ECBCipher.swift in Sources */,
				836940A8263F2AFB000D3599 /* Padding.swift in Sources */,
				83694078263AEA31000D3599 /* Analysis.swift in Sources */,
				83694072263A30F7000D3599 /* FixedXorCipher.swift in Sources */,
				83D314C62641C8CD0004FCBC /* AES128.swift in Sources */,
				8369408A263C91C9000D3599 /* RepeatingXorCipher.swift in Sources */,
				834914322635FDA400892487 /* DataDisplay.swift in Sources */,
				83D314C02641AD4C0004FCBC /* AES128+CBCCipher.swift in Sources */,
			);
			runOnlyForDeploymentPostprocessing = 0;
		};
		834914032635FB7900892487 /* Sources */ = {
			isa = PBXSourcesBuildPhase;
			buildActionMask = 2147483647;
			files = (
				83694094263C979F000D3599 /* AnalysisHammingDistanceTests.swift in Sources */,
				83694096263CA71C000D3599 /* AnalysisBlockSizeTests.swift in Sources */,
				8349140F2635FB7900892487 /* DataDisplayHexStringTests.swift in Sources */,
				83694074263A31E3000D3599 /* FixedXorCipherTests.swift in Sources */,
				836940AA263F2B2D000D3599 /* PaddingPKCS7Tests.swift in Sources */,
				8369408C263C91D7000D3599 /* RepeatingXorCipherTests.swift in Sources */,
				8349144226360AB400892487 /* DataDisplayBase64Tests.swift in Sources */,
				8369407A263AECC5000D3599 /* AnalysisEnglishScoreTests.swift in Sources */,
			);
			runOnlyForDeploymentPostprocessing = 0;
		};
/* End PBXSourcesBuildPhase section */

/* Begin PBXTargetDependency section */
		834913DC2635FB0600892487 /* PBXTargetDependency */ = {
			isa = PBXTargetDependency;
			target = 834913C72635FB0500892487 /* Cryptopals */;
			targetProxy = 834913DB2635FB0600892487 /* PBXContainerItemProxy */;
		};
		8349140A2635FB7900892487 /* PBXTargetDependency */ = {
			isa = PBXTargetDependency;
			target = 834913FE2635FB7900892487 /* CryptoTools */;
			targetProxy = 834914092635FB7900892487 /* PBXContainerItemProxy */;
		};
		8349140C2635FB7900892487 /* PBXTargetDependency */ = {
			isa = PBXTargetDependency;
			target = 834913C72635FB0500892487 /* Cryptopals */;
			targetProxy = 8349140B2635FB7900892487 /* PBXContainerItemProxy */;
		};
		834914132635FB7900892487 /* PBXTargetDependency */ = {
			isa = PBXTargetDependency;
			target = 834913FE2635FB7900892487 /* CryptoTools */;
			targetProxy = 834914122635FB7900892487 /* PBXContainerItemProxy */;
		};
/* End PBXTargetDependency section */

/* Begin XCBuildConfiguration section */
		834913EC2635FB0600892487 /* Debug */ = {
			isa = XCBuildConfiguration;
			buildSettings = {
				ALWAYS_SEARCH_USER_PATHS = NO;
				CLANG_ANALYZER_NONNULL = YES;
				CLANG_ANALYZER_NUMBER_OBJECT_CONVERSION = YES_AGGRESSIVE;
				CLANG_CXX_LANGUAGE_STANDARD = "gnu++14";
				CLANG_CXX_LIBRARY = "libc++";
				CLANG_ENABLE_MODULES = YES;
				CLANG_ENABLE_OBJC_ARC = YES;
				CLANG_ENABLE_OBJC_WEAK = YES;
				CLANG_WARN_BLOCK_CAPTURE_AUTORELEASING = YES;
				CLANG_WARN_BOOL_CONVERSION = YES;
				CLANG_WARN_COMMA = YES;
				CLANG_WARN_CONSTANT_CONVERSION = YES;
				CLANG_WARN_DEPRECATED_OBJC_IMPLEMENTATIONS = YES;
				CLANG_WARN_DIRECT_OBJC_ISA_USAGE = YES_ERROR;
				CLANG_WARN_DOCUMENTATION_COMMENTS = YES;
				CLANG_WARN_EMPTY_BODY = YES;
				CLANG_WARN_ENUM_CONVERSION = YES;
				CLANG_WARN_INFINITE_RECURSION = YES;
				CLANG_WARN_INT_CONVERSION = YES;
				CLANG_WARN_NON_LITERAL_NULL_CONVERSION = YES;
				CLANG_WARN_OBJC_IMPLICIT_RETAIN_SELF = YES;
				CLANG_WARN_OBJC_LITERAL_CONVERSION = YES;
				CLANG_WARN_OBJC_ROOT_CLASS = YES_ERROR;
				CLANG_WARN_QUOTED_INCLUDE_IN_FRAMEWORK_HEADER = YES;
				CLANG_WARN_RANGE_LOOP_ANALYSIS = YES;
				CLANG_WARN_STRICT_PROTOTYPES = YES;
				CLANG_WARN_SUSPICIOUS_MOVE = YES;
				CLANG_WARN_UNGUARDED_AVAILABILITY = YES_AGGRESSIVE;
				CLANG_WARN_UNREACHABLE_CODE = YES;
				CLANG_WARN__DUPLICATE_METHOD_MATCH = YES;
				COPY_PHASE_STRIP = NO;
				DEBUG_INFORMATION_FORMAT = dwarf;
				ENABLE_STRICT_OBJC_MSGSEND = YES;
				ENABLE_TESTABILITY = YES;
				GCC_C_LANGUAGE_STANDARD = gnu11;
				GCC_DYNAMIC_NO_PIC = NO;
				GCC_NO_COMMON_BLOCKS = YES;
				GCC_OPTIMIZATION_LEVEL = 0;
				GCC_PREPROCESSOR_DEFINITIONS = (
					"DEBUG=1",
					"$(inherited)",
				);
				GCC_WARN_64_TO_32_BIT_CONVERSION = YES;
				GCC_WARN_ABOUT_RETURN_TYPE = YES_ERROR;
				GCC_WARN_UNDECLARED_SELECTOR = YES;
				GCC_WARN_UNINITIALIZED_AUTOS = YES_AGGRESSIVE;
				GCC_WARN_UNUSED_FUNCTION = YES;
				GCC_WARN_UNUSED_VARIABLE = YES;
				MACOSX_DEPLOYMENT_TARGET = 11.1;
				MTL_ENABLE_DEBUG_INFO = INCLUDE_SOURCE;
				MTL_FAST_MATH = YES;
				ONLY_ACTIVE_ARCH = YES;
				SDKROOT = macosx;
				SWIFT_ACTIVE_COMPILATION_CONDITIONS = DEBUG;
				SWIFT_OPTIMIZATION_LEVEL = "-Onone";
			};
			name = Debug;
		};
		834913ED2635FB0600892487 /* Release */ = {
			isa = XCBuildConfiguration;
			buildSettings = {
				ALWAYS_SEARCH_USER_PATHS = NO;
				CLANG_ANALYZER_NONNULL = YES;
				CLANG_ANALYZER_NUMBER_OBJECT_CONVERSION = YES_AGGRESSIVE;
				CLANG_CXX_LANGUAGE_STANDARD = "gnu++14";
				CLANG_CXX_LIBRARY = "libc++";
				CLANG_ENABLE_MODULES = YES;
				CLANG_ENABLE_OBJC_ARC = YES;
				CLANG_ENABLE_OBJC_WEAK = YES;
				CLANG_WARN_BLOCK_CAPTURE_AUTORELEASING = YES;
				CLANG_WARN_BOOL_CONVERSION = YES;
				CLANG_WARN_COMMA = YES;
				CLANG_WARN_CONSTANT_CONVERSION = YES;
				CLANG_WARN_DEPRECATED_OBJC_IMPLEMENTATIONS = YES;
				CLANG_WARN_DIRECT_OBJC_ISA_USAGE = YES_ERROR;
				CLANG_WARN_DOCUMENTATION_COMMENTS = YES;
				CLANG_WARN_EMPTY_BODY = YES;
				CLANG_WARN_ENUM_CONVERSION = YES;
				CLANG_WARN_INFINITE_RECURSION = YES;
				CLANG_WARN_INT_CONVERSION = YES;
				CLANG_WARN_NON_LITERAL_NULL_CONVERSION = YES;
				CLANG_WARN_OBJC_IMPLICIT_RETAIN_SELF = YES;
				CLANG_WARN_OBJC_LITERAL_CONVERSION = YES;
				CLANG_WARN_OBJC_ROOT_CLASS = YES_ERROR;
				CLANG_WARN_QUOTED_INCLUDE_IN_FRAMEWORK_HEADER = YES;
				CLANG_WARN_RANGE_LOOP_ANALYSIS = YES;
				CLANG_WARN_STRICT_PROTOTYPES = YES;
				CLANG_WARN_SUSPICIOUS_MOVE = YES;
				CLANG_WARN_UNGUARDED_AVAILABILITY = YES_AGGRESSIVE;
				CLANG_WARN_UNREACHABLE_CODE = YES;
				CLANG_WARN__DUPLICATE_METHOD_MATCH = YES;
				COPY_PHASE_STRIP = NO;
				DEBUG_INFORMATION_FORMAT = "dwarf-with-dsym";
				ENABLE_NS_ASSERTIONS = NO;
				ENABLE_STRICT_OBJC_MSGSEND = YES;
				GCC_C_LANGUAGE_STANDARD = gnu11;
				GCC_NO_COMMON_BLOCKS = YES;
				GCC_WARN_64_TO_32_BIT_CONVERSION = YES;
				GCC_WARN_ABOUT_RETURN_TYPE = YES_ERROR;
				GCC_WARN_UNDECLARED_SELECTOR = YES;
				GCC_WARN_UNINITIALIZED_AUTOS = YES_AGGRESSIVE;
				GCC_WARN_UNUSED_FUNCTION = YES;
				GCC_WARN_UNUSED_VARIABLE = YES;
				MACOSX_DEPLOYMENT_TARGET = 11.1;
				MTL_ENABLE_DEBUG_INFO = NO;
				MTL_FAST_MATH = YES;
				SDKROOT = macosx;
				SWIFT_COMPILATION_MODE = wholemodule;
				SWIFT_OPTIMIZATION_LEVEL = "-O";
			};
			name = Release;
		};
		834913EF2635FB0600892487 /* Debug */ = {
			isa = XCBuildConfiguration;
			buildSettings = {
				ALWAYS_EMBED_SWIFT_STANDARD_LIBRARIES = YES;
				ASSETCATALOG_COMPILER_APPICON_NAME = AppIcon;
				ASSETCATALOG_COMPILER_GLOBAL_ACCENT_COLOR_NAME = AccentColor;
				CODE_SIGN_ENTITLEMENTS = Cryptopals/Cryptopals.entitlements;
				CODE_SIGN_IDENTITY = "Apple Development";
				CODE_SIGN_STYLE = Automatic;
				COMBINE_HIDPI_IMAGES = YES;
				DEVELOPMENT_ASSET_PATHS = "\"Cryptopals/Preview Content\"";
				DEVELOPMENT_TEAM = 44UYG9267L;
				ENABLE_HARDENED_RUNTIME = YES;
				ENABLE_PREVIEWS = YES;
				INFOPLIST_FILE = Cryptopals/Info.plist;
				LD_RUNPATH_SEARCH_PATHS = (
					"$(inherited)",
					"@executable_path/../Frameworks",
				);
				MACOSX_DEPLOYMENT_TARGET = 11.1;
				PRODUCT_BUNDLE_IDENTIFIER = net.chrisdownie.Cryptopals;
				PRODUCT_NAME = "$(TARGET_NAME)";
				SWIFT_VERSION = 5.0;
			};
			name = Debug;
		};
		834913F02635FB0600892487 /* Release */ = {
			isa = XCBuildConfiguration;
			buildSettings = {
				ALWAYS_EMBED_SWIFT_STANDARD_LIBRARIES = YES;
				ASSETCATALOG_COMPILER_APPICON_NAME = AppIcon;
				ASSETCATALOG_COMPILER_GLOBAL_ACCENT_COLOR_NAME = AccentColor;
				CODE_SIGN_ENTITLEMENTS = Cryptopals/Cryptopals.entitlements;
				CODE_SIGN_IDENTITY = "Apple Development";
				CODE_SIGN_STYLE = Automatic;
				COMBINE_HIDPI_IMAGES = YES;
				DEVELOPMENT_ASSET_PATHS = "\"Cryptopals/Preview Content\"";
				DEVELOPMENT_TEAM = 44UYG9267L;
				ENABLE_HARDENED_RUNTIME = YES;
				ENABLE_PREVIEWS = YES;
				INFOPLIST_FILE = Cryptopals/Info.plist;
				LD_RUNPATH_SEARCH_PATHS = (
					"$(inherited)",
					"@executable_path/../Frameworks",
				);
				MACOSX_DEPLOYMENT_TARGET = 11.1;
				PRODUCT_BUNDLE_IDENTIFIER = net.chrisdownie.Cryptopals;
				PRODUCT_NAME = "$(TARGET_NAME)";
				SWIFT_VERSION = 5.0;
			};
			name = Release;
		};
		834913F22635FB0600892487 /* Debug */ = {
			isa = XCBuildConfiguration;
			buildSettings = {
				ALWAYS_EMBED_SWIFT_STANDARD_LIBRARIES = YES;
				BUNDLE_LOADER = "$(TEST_HOST)";
				CODE_SIGN_IDENTITY = "Apple Development";
				CODE_SIGN_STYLE = Automatic;
				COMBINE_HIDPI_IMAGES = YES;
				DEVELOPMENT_TEAM = 44UYG9267L;
				INFOPLIST_FILE = CryptopalsTests/Info.plist;
				LD_RUNPATH_SEARCH_PATHS = (
					"$(inherited)",
					"@executable_path/../Frameworks",
					"@loader_path/../Frameworks",
				);
				MACOSX_DEPLOYMENT_TARGET = 11.1;
				PRODUCT_BUNDLE_IDENTIFIER = net.chrisdownie.CryptopalsTests;
				PRODUCT_NAME = "$(TARGET_NAME)";
				SWIFT_VERSION = 5.0;
				TEST_HOST = "$(BUILT_PRODUCTS_DIR)/Cryptopals.app/Contents/MacOS/Cryptopals";
			};
			name = Debug;
		};
		834913F32635FB0600892487 /* Release */ = {
			isa = XCBuildConfiguration;
			buildSettings = {
				ALWAYS_EMBED_SWIFT_STANDARD_LIBRARIES = YES;
				BUNDLE_LOADER = "$(TEST_HOST)";
				CODE_SIGN_IDENTITY = "Apple Development";
				CODE_SIGN_STYLE = Automatic;
				COMBINE_HIDPI_IMAGES = YES;
				DEVELOPMENT_TEAM = 44UYG9267L;
				INFOPLIST_FILE = CryptopalsTests/Info.plist;
				LD_RUNPATH_SEARCH_PATHS = (
					"$(inherited)",
					"@executable_path/../Frameworks",
					"@loader_path/../Frameworks",
				);
				MACOSX_DEPLOYMENT_TARGET = 11.1;
				PRODUCT_BUNDLE_IDENTIFIER = net.chrisdownie.CryptopalsTests;
				PRODUCT_NAME = "$(TARGET_NAME)";
				SWIFT_VERSION = 5.0;
				TEST_HOST = "$(BUILT_PRODUCTS_DIR)/Cryptopals.app/Contents/MacOS/Cryptopals";
			};
			name = Release;
		};
		834914172635FB7900892487 /* Debug */ = {
			isa = XCBuildConfiguration;
			buildSettings = {
				CLANG_ENABLE_MODULES = YES;
				CODE_SIGN_IDENTITY = "Apple Development";
				CODE_SIGN_STYLE = Automatic;
				COMBINE_HIDPI_IMAGES = YES;
				CURRENT_PROJECT_VERSION = 1;
				DEFINES_MODULE = YES;
				DEVELOPMENT_TEAM = 44UYG9267L;
				DYLIB_COMPATIBILITY_VERSION = 1;
				DYLIB_CURRENT_VERSION = 1;
				DYLIB_INSTALL_NAME_BASE = "@rpath";
				INFOPLIST_FILE = CryptoTools/Info.plist;
				INSTALL_PATH = "$(LOCAL_LIBRARY_DIR)/Frameworks";
				LD_RUNPATH_SEARCH_PATHS = (
					"$(inherited)",
					"@executable_path/../Frameworks",
					"@loader_path/Frameworks",
				);
				PRODUCT_BUNDLE_IDENTIFIER = net.chrisdownie.CryptoTools;
				PRODUCT_NAME = "$(TARGET_NAME:c99extidentifier)";
				SKIP_INSTALL = YES;
				SWIFT_OPTIMIZATION_LEVEL = "-Onone";
				SWIFT_VERSION = 5.0;
				VERSIONING_SYSTEM = "apple-generic";
				VERSION_INFO_PREFIX = "";
			};
			name = Debug;
		};
		834914182635FB7900892487 /* Release */ = {
			isa = XCBuildConfiguration;
			buildSettings = {
				CLANG_ENABLE_MODULES = YES;
				CODE_SIGN_IDENTITY = "Apple Development";
				CODE_SIGN_STYLE = Automatic;
				COMBINE_HIDPI_IMAGES = YES;
				CURRENT_PROJECT_VERSION = 1;
				DEFINES_MODULE = YES;
				DEVELOPMENT_TEAM = 44UYG9267L;
				DYLIB_COMPATIBILITY_VERSION = 1;
				DYLIB_CURRENT_VERSION = 1;
				DYLIB_INSTALL_NAME_BASE = "@rpath";
				INFOPLIST_FILE = CryptoTools/Info.plist;
				INSTALL_PATH = "$(LOCAL_LIBRARY_DIR)/Frameworks";
				LD_RUNPATH_SEARCH_PATHS = (
					"$(inherited)",
					"@executable_path/../Frameworks",
					"@loader_path/Frameworks",
				);
				PRODUCT_BUNDLE_IDENTIFIER = net.chrisdownie.CryptoTools;
				PRODUCT_NAME = "$(TARGET_NAME:c99extidentifier)";
				SKIP_INSTALL = YES;
				SWIFT_VERSION = 5.0;
				VERSIONING_SYSTEM = "apple-generic";
				VERSION_INFO_PREFIX = "";
			};
			name = Release;
		};
		8349141B2635FB7900892487 /* Debug */ = {
			isa = XCBuildConfiguration;
			buildSettings = {
				ALWAYS_EMBED_SWIFT_STANDARD_LIBRARIES = YES;
				CODE_SIGN_IDENTITY = "Apple Development";
				CODE_SIGN_STYLE = Automatic;
				COMBINE_HIDPI_IMAGES = YES;
				DEVELOPMENT_TEAM = 44UYG9267L;
				INFOPLIST_FILE = CryptoToolsTests/Info.plist;
				LD_RUNPATH_SEARCH_PATHS = (
					"$(inherited)",
					"@executable_path/../Frameworks",
					"@loader_path/../Frameworks",
				);
				PRODUCT_BUNDLE_IDENTIFIER = net.chrisdownie.CryptoToolsTests;
				PRODUCT_NAME = "$(TARGET_NAME)";
				SWIFT_VERSION = 5.0;
				TEST_HOST = "$(BUILT_PRODUCTS_DIR)/Cryptopals.app/Contents/MacOS/Cryptopals";
			};
			name = Debug;
		};
		8349141C2635FB7900892487 /* Release */ = {
			isa = XCBuildConfiguration;
			buildSettings = {
				ALWAYS_EMBED_SWIFT_STANDARD_LIBRARIES = YES;
				CODE_SIGN_IDENTITY = "Apple Development";
				CODE_SIGN_STYLE = Automatic;
				COMBINE_HIDPI_IMAGES = YES;
				DEVELOPMENT_TEAM = 44UYG9267L;
				INFOPLIST_FILE = CryptoToolsTests/Info.plist;
				LD_RUNPATH_SEARCH_PATHS = (
					"$(inherited)",
					"@executable_path/../Frameworks",
					"@loader_path/../Frameworks",
				);
				PRODUCT_BUNDLE_IDENTIFIER = net.chrisdownie.CryptoToolsTests;
				PRODUCT_NAME = "$(TARGET_NAME)";
				SWIFT_VERSION = 5.0;
				TEST_HOST = "$(BUILT_PRODUCTS_DIR)/Cryptopals.app/Contents/MacOS/Cryptopals";
			};
			name = Release;
		};
/* End XCBuildConfiguration section */

/* Begin XCConfigurationList section */
		834913C32635FB0500892487 /* Build configuration list for PBXProject "Cryptopals" */ = {
			isa = XCConfigurationList;
			buildConfigurations = (
				834913EC2635FB0600892487 /* Debug */,
				834913ED2635FB0600892487 /* Release */,
			);
			defaultConfigurationIsVisible = 0;
			defaultConfigurationName = Release;
		};
		834913EE2635FB0600892487 /* Build configuration list for PBXNativeTarget "Cryptopals" */ = {
			isa = XCConfigurationList;
			buildConfigurations = (
				834913EF2635FB0600892487 /* Debug */,
				834913F02635FB0600892487 /* Release */,
			);
			defaultConfigurationIsVisible = 0;
			defaultConfigurationName = Release;
		};
		834913F12635FB0600892487 /* Build configuration list for PBXNativeTarget "CryptopalsTests" */ = {
			isa = XCConfigurationList;
			buildConfigurations = (
				834913F22635FB0600892487 /* Debug */,
				834913F32635FB0600892487 /* Release */,
			);
			defaultConfigurationIsVisible = 0;
			defaultConfigurationName = Release;
		};
		834914162635FB7900892487 /* Build configuration list for PBXNativeTarget "CryptoTools" */ = {
			isa = XCConfigurationList;
			buildConfigurations = (
				834914172635FB7900892487 /* Debug */,
				834914182635FB7900892487 /* Release */,
			);
			defaultConfigurationIsVisible = 0;
			defaultConfigurationName = Release;
		};
		8349141A2635FB7900892487 /* Build configuration list for PBXNativeTarget "CryptoToolsTests" */ = {
			isa = XCConfigurationList;
			buildConfigurations = (
				8349141B2635FB7900892487 /* Debug */,
				8349141C2635FB7900892487 /* Release */,
			);
			defaultConfigurationIsVisible = 0;
			defaultConfigurationName = Release;
		};
/* End XCConfigurationList section */

/* Begin XCRemoteSwiftPackageReference section */
		8369409B263CC6A2000D3599 /* XCRemoteSwiftPackageReference "CryptoSwift" */ = {
			isa = XCRemoteSwiftPackageReference;
			repositoryURL = "git@github.com:krzyzanowskim/CryptoSwift.git";
			requirement = {
				kind = upToNextMajorVersion;
				minimumVersion = 1.4.0;
			};
		};
/* End XCRemoteSwiftPackageReference section */

/* Begin XCSwiftPackageProductDependency section */
		8369409C263CC6A2000D3599 /* CryptoSwift */ = {
			isa = XCSwiftPackageProductDependency;
			package = 8369409B263CC6A2000D3599 /* XCRemoteSwiftPackageReference "CryptoSwift" */;
			productName = CryptoSwift;
		};
/* End XCSwiftPackageProductDependency section */
	};
	rootObject = 834913C02635FB0500892487 /* Project object */;
}
